{
  "object": {
    "pins": [
      {
        "package": "RxSwift",
        "repositoryURL": "https://github.com/ReactiveX/RxSwift.git",
        "state": {
          "branch": null,
          "revision": "b3e888b4972d9bc76495dd74d30a8c7fad4b9395",
          "version": "5.0.1"
        }
      },
      {
        "package": "swift-nio",
        "repositoryURL": "https://github.com/apple/swift-nio.git",
        "state": {
          "branch": null,
          "revision": "b07efecaea7359054b8a85d357f05c8152b7716c",
          "version": "2.6.0"
        }
      }
    ]
  },
  "version": 1
}
