// !$*UTF8*$!
{
   archiveVersion = "1";
   objectVersion = "46";
   objects = {
      "MiniSwift::MiniSwift" = {
         isa = "PBXNativeTarget";
         buildConfigurationList = "OBJ_54";
         buildPhases = (
            "OBJ_57",
            "OBJ_80"
         );
         dependencies = (
         );
         name = "MiniSwift";
         productName = "MiniSwift";
         productReference = "MiniSwift::MiniSwift::Product";
         productType = "com.apple.product-type.framework";
      };
      "MiniSwift::MiniSwift::Product" = {
         isa = "PBXFileReference";
         path = "MiniSwift.framework";
         sourceTree = "BUILT_PRODUCTS_DIR";
      };
      "MiniSwift::MiniSwiftPackageTests::ProductTarget" = {
         isa = "PBXAggregateTarget";
         buildConfigurationList = "OBJ_88";
         buildPhases = (
         );
         dependencies = (
            "OBJ_91"
         );
         name = "MiniSwiftPackageTests";
         productName = "MiniSwiftPackageTests";
      };
      "MiniSwift::MiniSwiftTests" = {
         isa = "PBXNativeTarget";
         buildConfigurationList = "OBJ_93";
         buildPhases = (
            "OBJ_96",
            "OBJ_101"
         );
         dependencies = (
            "OBJ_103"
         );
         name = "MiniSwiftTests";
         productName = "MiniSwiftTests";
         productReference = "MiniSwift::MiniSwiftTests::Product";
         productType = "com.apple.product-type.bundle.unit-test";
      };
      "MiniSwift::MiniSwiftTests::Product" = {
         isa = "PBXFileReference";
         path = "MiniSwiftTests.xctest";
         sourceTree = "BUILT_PRODUCTS_DIR";
      };
      "MiniSwift::SwiftPMPackageDescription" = {
         isa = "PBXNativeTarget";
         buildConfigurationList = "OBJ_82";
         buildPhases = (
            "OBJ_85"
         );
         dependencies = (
         );
         name = "MiniSwiftPackageDescription";
         productName = "MiniSwiftPackageDescription";
         productType = "com.apple.product-type.framework";
      };
      "OBJ_1" = {
         isa = "PBXProject";
         attributes = {
            LastSwiftMigration = "9999";
            LastUpgradeCheck = "9999";
         };
         buildConfigurationList = "OBJ_2";
         compatibilityVersion = "Xcode 3.2";
         developmentRegion = "en";
         hasScannedForEncodings = "0";
         knownRegions = (
            "en"
         );
         mainGroup = "OBJ_5";
         productRefGroup = "OBJ_42";
         projectDirPath = ".";
         targets = (
            "MiniSwift::MiniSwift",
            "MiniSwift::SwiftPMPackageDescription",
            "MiniSwift::MiniSwiftPackageTests::ProductTarget",
            "MiniSwift::MiniSwiftTests"
         );
      };
      "OBJ_10" = {
         isa = "PBXFileReference";
         path = "ActionReducer.swift";
         sourceTree = "<group>";
      };
      "OBJ_100" = {
         isa = "PBXBuildFile";
         fileRef = "OBJ_40";
      };
      "OBJ_101" = {
         isa = "PBXFrameworksBuildPhase";
         files = (
            "OBJ_102"
         );
      };
      "OBJ_102" = {
         isa = "PBXBuildFile";
         fileRef = "MiniSwift::MiniSwift::Product";
      };
      "OBJ_103" = {
         isa = "PBXTargetDependency";
         target = "MiniSwift::MiniSwift";
      };
      "OBJ_11" = {
         isa = "PBXFileReference";
         path = "Dispatcher.swift";
         sourceTree = "<group>";
      };
      "OBJ_12" = {
         isa = "PBXFileReference";
         path = "Middleware.swift";
         sourceTree = "<group>";
      };
      "OBJ_13" = {
         isa = "PBXFileReference";
         path = "ReducerGroup.swift";
         sourceTree = "<group>";
      };
      "OBJ_14" = {
         isa = "PBXFileReference";
         path = "Service.swift";
         sourceTree = "<group>";
      };
      "OBJ_15" = {
         isa = "PBXFileReference";
         path = "State.swift";
         sourceTree = "<group>";
      };
      "OBJ_16" = {
         isa = "PBXFileReference";
         path = "Store.swift";
         sourceTree = "<group>";
      };
      "OBJ_17" = {
         isa = "PBXFileReference";
         path = "Task.swift";
         sourceTree = "<group>";
      };
      "OBJ_18" = {
         isa = "PBXGroup";
         children = (
            "OBJ_19"
         );
         name = "Testing";
         path = "Testing";
         sourceTree = "<group>";
      };
      "OBJ_19" = {
         isa = "PBXFileReference";
         path = "TestMiddleware.swift";
         sourceTree = "<group>";
      };
      "OBJ_2" = {
         isa = "XCConfigurationList";
         buildConfigurations = (
            "OBJ_3",
            "OBJ_4"
         );
         defaultConfigurationIsVisible = "0";
         defaultConfigurationName = "Release";
      };
      "OBJ_20" = {
         isa = "PBXGroup";
         children = (
            "OBJ_21",
            "OBJ_22",
            "OBJ_23",
            "OBJ_26",
            "OBJ_27",
            "OBJ_28",
            "OBJ_29",
            "OBJ_30",
            "OBJ_31",
            "OBJ_33",
            "OBJ_34"
         );
         name = "Utils";
         path = "Utils";
         sourceTree = "<group>";
      };
      "OBJ_21" = {
         isa = "PBXFileReference";
         path = "Atomic.swift";
         sourceTree = "<group>";
      };
      "OBJ_22" = {
         isa = "PBXFileReference";
         path = "AtomicState.swift";
         sourceTree = "<group>";
      };
      "OBJ_23" = {
         isa = "PBXGroup";
         children = (
            "OBJ_24",
            "OBJ_25"
         );
         name = "Combine";
         path = "Combine";
         sourceTree = "<group>";
      };
      "OBJ_24" = {
         isa = "PBXFileReference";
         path = "Cancellable+Extensions.swift";
         sourceTree = "<group>";
      };
      "OBJ_25" = {
         isa = "PBXFileReference";
         path = "Observable+Extensions.swift";
         sourceTree = "<group>";
      };
      "OBJ_26" = {
         isa = "PBXFileReference";
         path = "DelayedImmutable.swift";
         sourceTree = "<group>";
      };
      "OBJ_27" = {
         isa = "PBXFileReference";
         path = "Dictionary+Extensions.swift";
         sourceTree = "<group>";
      };
      "OBJ_28" = {
         isa = "PBXFileReference";
         path = "DispatchQueue+Extensions.swift";
         sourceTree = "<group>";
      };
      "OBJ_29" = {
         isa = "PBXFileReference";
         path = "OrderedSet.swift";
         sourceTree = "<group>";
      };
      "OBJ_3" = {
         isa = "XCBuildConfiguration";
         buildSettings = {
            CLANG_ENABLE_OBJC_ARC = "YES";
            COMBINE_HIDPI_IMAGES = "YES";
            COPY_PHASE_STRIP = "NO";
            DEBUG_INFORMATION_FORMAT = "dwarf";
            DYLIB_INSTALL_NAME_BASE = "@rpath";
            ENABLE_NS_ASSERTIONS = "YES";
            GCC_OPTIMIZATION_LEVEL = "0";
            GCC_PREPROCESSOR_DEFINITIONS = (
               "$(inherited)",
               "SWIFT_PACKAGE=1",
               "DEBUG=1"
            );
            MACOSX_DEPLOYMENT_TARGET = "10.10";
            ONLY_ACTIVE_ARCH = "YES";
            OTHER_SWIFT_FLAGS = (
               "$(inherited)",
               "-DXcode"
            );
            PRODUCT_NAME = "$(TARGET_NAME)";
            SDKROOT = "macosx";
            SUPPORTED_PLATFORMS = (
               "macosx",
               "iphoneos",
               "iphonesimulator",
               "appletvos",
               "appletvsimulator",
               "watchos",
               "watchsimulator"
            );
            SWIFT_ACTIVE_COMPILATION_CONDITIONS = (
               "$(inherited)",
               "SWIFT_PACKAGE",
               "DEBUG"
            );
            SWIFT_OPTIMIZATION_LEVEL = "-Onone";
            USE_HEADERMAP = "NO";
         };
         name = "Debug";
      };
      "OBJ_30" = {
         isa = "PBXFileReference";
         path = "PayloadAction.swift";
         sourceTree = "<group>";
      };
      "OBJ_31" = {
         isa = "PBXGroup";
         children = (
            "OBJ_32"
         );
         name = "Services";
         path = "Services";
         sourceTree = "<group>";
      };
      "OBJ_32" = {
         isa = "PBXFileReference";
         path = "LoggingService.swift";
         sourceTree = "<group>";
      };
      "OBJ_33" = {
         isa = "PBXFileReference";
         path = "SharedDictionary.swift";
         sourceTree = "<group>";
      };
      "OBJ_34" = {
         isa = "PBXFileReference";
         path = "String+Extensions.swift";
         sourceTree = "<group>";
      };
      "OBJ_35" = {
         isa = "PBXGroup";
         children = (
            "OBJ_36"
         );
         name = "Tests";
         path = "";
         sourceTree = "SOURCE_ROOT";
      };
      "OBJ_36" = {
         isa = "PBXGroup";
         children = (
            "OBJ_37",
            "OBJ_38",
            "OBJ_39",
            "OBJ_40"
         );
         name = "MiniSwiftTests";
         path = "Tests/MiniSwiftTests";
         sourceTree = "SOURCE_ROOT";
      };
      "OBJ_37" = {
         isa = "PBXFileReference";
         path = "ChainTests.swift";
         sourceTree = "<group>";
      };
      "OBJ_38" = {
         isa = "PBXFileReference";
         path = "MiniSwiftTests.swift";
         sourceTree = "<group>";
      };
      "OBJ_39" = {
         isa = "PBXFileReference";
         path = "TaskTests.swift";
         sourceTree = "<group>";
      };
      "OBJ_4" = {
         isa = "XCBuildConfiguration";
         buildSettings = {
            CLANG_ENABLE_OBJC_ARC = "YES";
            COMBINE_HIDPI_IMAGES = "YES";
            COPY_PHASE_STRIP = "YES";
            DEBUG_INFORMATION_FORMAT = "dwarf-with-dsym";
            DYLIB_INSTALL_NAME_BASE = "@rpath";
            GCC_OPTIMIZATION_LEVEL = "s";
            GCC_PREPROCESSOR_DEFINITIONS = (
               "$(inherited)",
               "SWIFT_PACKAGE=1"
            );
            MACOSX_DEPLOYMENT_TARGET = "10.10";
            OTHER_SWIFT_FLAGS = (
               "$(inherited)",
               "-DXcode"
            );
            PRODUCT_NAME = "$(TARGET_NAME)";
            SDKROOT = "macosx";
            SUPPORTED_PLATFORMS = (
               "macosx",
               "iphoneos",
               "iphonesimulator",
               "appletvos",
               "appletvsimulator",
               "watchos",
               "watchsimulator"
            );
            SWIFT_ACTIVE_COMPILATION_CONDITIONS = (
               "$(inherited)",
               "SWIFT_PACKAGE"
            );
            SWIFT_OPTIMIZATION_LEVEL = "-Owholemodule";
            USE_HEADERMAP = "NO";
         };
         name = "Release";
      };
      "OBJ_40" = {
         isa = "PBXFileReference";
         path = "XCTestManifests.swift";
         sourceTree = "<group>";
      };
      "OBJ_41" = {
         isa = "PBXGroup";
         children = (
         );
         name = "Dependencies";
         path = "";
         sourceTree = "<group>";
      };
      "OBJ_42" = {
         isa = "PBXGroup";
         children = (
            "MiniSwift::MiniSwiftTests::Product",
            "MiniSwift::MiniSwift::Product"
         );
         name = "Products";
         path = "";
         sourceTree = "BUILT_PRODUCTS_DIR";
      };
      "OBJ_45" = {
         isa = "PBXFileReference";
         path = "bin";
         sourceTree = "SOURCE_ROOT";
      };
      "OBJ_46" = {
         isa = "PBXFileReference";
         path = "fastlane";
         sourceTree = "SOURCE_ROOT";
      };
      "OBJ_47" = {
         isa = "PBXFileReference";
         path = "LICENSE";
         sourceTree = "<group>";
      };
      "OBJ_48" = {
         isa = "PBXFileReference";
         path = "README.md";
         sourceTree = "<group>";
      };
      "OBJ_49" = {
         isa = "PBXFileReference";
         path = "Rakefile";
         sourceTree = "<group>";
      };
      "OBJ_5" = {
         isa = "PBXGroup";
         children = (
            "OBJ_6",
            "OBJ_7",
            "OBJ_35",
            "OBJ_41",
            "OBJ_42",
            "OBJ_45",
            "OBJ_46",
            "OBJ_47",
            "OBJ_48",
            "OBJ_49",
            "OBJ_50",
            "OBJ_51",
            "OBJ_52"
         );
         path = "";
         sourceTree = "<group>";
      };
      "OBJ_50" = {
         isa = "PBXFileReference";
         path = "DangerFile";
         sourceTree = "<group>";
      };
      "OBJ_51" = {
         isa = "PBXFileReference";
         path = "Gemfile";
         sourceTree = "<group>";
      };
      "OBJ_52" = {
         isa = "PBXFileReference";
         path = "Gemfile.lock";
         sourceTree = "<group>";
      };
      "OBJ_54" = {
         isa = "XCConfigurationList";
         buildConfigurations = (
            "OBJ_55",
            "OBJ_56"
         );
         defaultConfigurationIsVisible = "0";
         defaultConfigurationName = "Release";
      };
      "OBJ_55" = {
         isa = "XCBuildConfiguration";
         buildSettings = {
            ENABLE_TESTABILITY = "YES";
            FRAMEWORK_SEARCH_PATHS = (
               "$(inherited)",
               "$(PLATFORM_DIR)/Developer/Library/Frameworks"
            );
            HEADER_SEARCH_PATHS = (
               "$(inherited)"
            );
            INFOPLIST_FILE = "MiniSwift.xcodeproj/MiniSwift_Info.plist";
            IPHONEOS_DEPLOYMENT_TARGET = "13.0";
            LD_RUNPATH_SEARCH_PATHS = (
               "$(inherited)",
               "$(TOOLCHAIN_DIR)/usr/lib/swift/macosx"
            );
            MACOSX_DEPLOYMENT_TARGET = "10.15";
            OTHER_CFLAGS = (
               "$(inherited)"
            );
            OTHER_LDFLAGS = (
               "$(inherited)"
            );
            OTHER_SWIFT_FLAGS = (
               "$(inherited)"
            );
            PRODUCT_BUNDLE_IDENTIFIER = "MiniSwift";
            PRODUCT_MODULE_NAME = "$(TARGET_NAME:c99extidentifier)";
            PRODUCT_NAME = "$(TARGET_NAME:c99extidentifier)";
            SKIP_INSTALL = "YES";
            SWIFT_ACTIVE_COMPILATION_CONDITIONS = (
               "$(inherited)"
            );
            SWIFT_VERSION = "5.0";
            TARGET_NAME = "MiniSwift";
            TVOS_DEPLOYMENT_TARGET = "9.0";
            WATCHOS_DEPLOYMENT_TARGET = "6.0";
         };
         name = "Debug";
      };
      "OBJ_56" = {
         isa = "XCBuildConfiguration";
         buildSettings = {
            ENABLE_TESTABILITY = "YES";
            FRAMEWORK_SEARCH_PATHS = (
               "$(inherited)",
               "$(PLATFORM_DIR)/Developer/Library/Frameworks"
            );
            HEADER_SEARCH_PATHS = (
               "$(inherited)"
            );
            INFOPLIST_FILE = "MiniSwift.xcodeproj/MiniSwift_Info.plist";
            IPHONEOS_DEPLOYMENT_TARGET = "13.0";
            LD_RUNPATH_SEARCH_PATHS = (
               "$(inherited)",
               "$(TOOLCHAIN_DIR)/usr/lib/swift/macosx"
            );
            MACOSX_DEPLOYMENT_TARGET = "10.15";
            OTHER_CFLAGS = (
               "$(inherited)"
            );
            OTHER_LDFLAGS = (
               "$(inherited)"
            );
            OTHER_SWIFT_FLAGS = (
               "$(inherited)"
            );
            PRODUCT_BUNDLE_IDENTIFIER = "MiniSwift";
            PRODUCT_MODULE_NAME = "$(TARGET_NAME:c99extidentifier)";
            PRODUCT_NAME = "$(TARGET_NAME:c99extidentifier)";
            SKIP_INSTALL = "YES";
            SWIFT_ACTIVE_COMPILATION_CONDITIONS = (
               "$(inherited)"
            );
            SWIFT_VERSION = "5.0";
            TARGET_NAME = "MiniSwift";
            TVOS_DEPLOYMENT_TARGET = "9.0";
            WATCHOS_DEPLOYMENT_TARGET = "6.0";
         };
         name = "Release";
      };
      "OBJ_57" = {
         isa = "PBXSourcesBuildPhase";
         files = (
            "OBJ_58",
            "OBJ_59",
            "OBJ_60",
            "OBJ_61",
            "OBJ_62",
            "OBJ_63",
            "OBJ_64",
            "OBJ_65",
            "OBJ_66",
            "OBJ_67",
            "OBJ_68",
            "OBJ_69",
            "OBJ_70",
            "OBJ_71",
            "OBJ_72",
            "OBJ_73",
            "OBJ_74",
            "OBJ_75",
            "OBJ_76",
            "OBJ_77",
            "OBJ_78",
            "OBJ_79"
         );
      };
      "OBJ_58" = {
         isa = "PBXBuildFile";
         fileRef = "OBJ_9";
      };
      "OBJ_59" = {
         isa = "PBXBuildFile";
         fileRef = "OBJ_10";
      };
      "OBJ_6" = {
         isa = "PBXFileReference";
         explicitFileType = "sourcecode.swift";
         path = "Package.swift";
         sourceTree = "<group>";
      };
      "OBJ_60" = {
         isa = "PBXBuildFile";
         fileRef = "OBJ_11";
      };
      "OBJ_61" = {
         isa = "PBXBuildFile";
         fileRef = "OBJ_12";
      };
      "OBJ_62" = {
         isa = "PBXBuildFile";
         fileRef = "OBJ_13";
      };
      "OBJ_63" = {
         isa = "PBXBuildFile";
         fileRef = "OBJ_14";
      };
      "OBJ_64" = {
         isa = "PBXBuildFile";
         fileRef = "OBJ_15";
      };
      "OBJ_65" = {
         isa = "PBXBuildFile";
         fileRef = "OBJ_16";
      };
      "OBJ_66" = {
         isa = "PBXBuildFile";
         fileRef = "OBJ_17";
      };
      "OBJ_67" = {
         isa = "PBXBuildFile";
         fileRef = "OBJ_19";
      };
      "OBJ_68" = {
         isa = "PBXBuildFile";
         fileRef = "OBJ_21";
      };
      "OBJ_69" = {
         isa = "PBXBuildFile";
         fileRef = "OBJ_22";
      };
      "OBJ_7" = {
         isa = "PBXGroup";
         children = (
            "OBJ_8"
         );
         name = "Sources";
         path = "";
         sourceTree = "SOURCE_ROOT";
      };
      "OBJ_70" = {
         isa = "PBXBuildFile";
         fileRef = "OBJ_24";
      };
      "OBJ_71" = {
         isa = "PBXBuildFile";
         fileRef = "OBJ_25";
      };
      "OBJ_72" = {
         isa = "PBXBuildFile";
         fileRef = "OBJ_26";
      };
      "OBJ_73" = {
         isa = "PBXBuildFile";
         fileRef = "OBJ_27";
      };
      "OBJ_74" = {
         isa = "PBXBuildFile";
         fileRef = "OBJ_28";
      };
      "OBJ_75" = {
         isa = "PBXBuildFile";
         fileRef = "OBJ_29";
      };
      "OBJ_76" = {
         isa = "PBXBuildFile";
         fileRef = "OBJ_30";
      };
      "OBJ_77" = {
         isa = "PBXBuildFile";
         fileRef = "OBJ_32";
      };
      "OBJ_78" = {
         isa = "PBXBuildFile";
         fileRef = "OBJ_33";
      };
      "OBJ_79" = {
         isa = "PBXBuildFile";
         fileRef = "OBJ_34";
      };
      "OBJ_8" = {
         isa = "PBXGroup";
         children = (
            "OBJ_9",
            "OBJ_10",
            "OBJ_11",
            "OBJ_12",
            "OBJ_13",
            "OBJ_14",
            "OBJ_15",
            "OBJ_16",
            "OBJ_17",
            "OBJ_18",
            "OBJ_20"
         );
         name = "MiniSwift";
         path = "Sources/MiniSwift";
         sourceTree = "SOURCE_ROOT";
      };
      "OBJ_80" = {
         isa = "PBXFrameworksBuildPhase";
         files = (
         );
      };
      "OBJ_82" = {
         isa = "XCConfigurationList";
         buildConfigurations = (
            "OBJ_83",
            "OBJ_84"
         );
         defaultConfigurationIsVisible = "0";
         defaultConfigurationName = "Release";
      };
      "OBJ_83" = {
         isa = "XCBuildConfiguration";
         buildSettings = {
            LD = "/usr/bin/true";
            OTHER_SWIFT_FLAGS = (
               "-swift-version",
               "5",
               "-I",
               "$(TOOLCHAIN_DIR)/usr/lib/swift/pm/4_2",
               "-target",
               "x86_64-apple-macosx10.10",
               "-sdk",
               "/Applications/Xcode-beta.app/Contents/Developer/Platforms/MacOSX.platform/Developer/SDKs/MacOSX10.15.sdk",
               "-package-description-version",
               "5.1"
            );
            SWIFT_VERSION = "5.0";
         };
         name = "Debug";
      };
      "OBJ_84" = {
         isa = "XCBuildConfiguration";
         buildSettings = {
            LD = "/usr/bin/true";
            OTHER_SWIFT_FLAGS = (
               "-swift-version",
               "5",
               "-I",
               "$(TOOLCHAIN_DIR)/usr/lib/swift/pm/4_2",
               "-target",
               "x86_64-apple-macosx10.10",
               "-sdk",
               "/Applications/Xcode-beta.app/Contents/Developer/Platforms/MacOSX.platform/Developer/SDKs/MacOSX10.15.sdk",
               "-package-description-version",
               "5.1"
            );
            SWIFT_VERSION = "5.0";
         };
         name = "Release";
      };
      "OBJ_85" = {
         isa = "PBXSourcesBuildPhase";
         files = (
            "OBJ_86"
         );
      };
      "OBJ_86" = {
         isa = "PBXBuildFile";
         fileRef = "OBJ_6";
      };
      "OBJ_88" = {
         isa = "XCConfigurationList";
         buildConfigurations = (
            "OBJ_89",
            "OBJ_90"
         );
         defaultConfigurationIsVisible = "0";
         defaultConfigurationName = "Release";
      };
      "OBJ_89" = {
         isa = "XCBuildConfiguration";
         buildSettings = {
         };
         name = "Debug";
      };
      "OBJ_9" = {
         isa = "PBXFileReference";
         path = "Action.swift";
         sourceTree = "<group>";
      };
      "OBJ_90" = {
         isa = "XCBuildConfiguration";
         buildSettings = {
         };
         name = "Release";
      };
      "OBJ_91" = {
         isa = "PBXTargetDependency";
         target = "MiniSwift::MiniSwiftTests";
      };
      "OBJ_93" = {
         isa = "XCConfigurationList";
         buildConfigurations = (
            "OBJ_94",
            "OBJ_95"
         );
         defaultConfigurationIsVisible = "0";
         defaultConfigurationName = "Release";
      };
      "OBJ_94" = {
         isa = "XCBuildConfiguration";
         buildSettings = {
            CLANG_ENABLE_MODULES = "YES";
            EMBEDDED_CONTENT_CONTAINS_SWIFT = "YES";
            FRAMEWORK_SEARCH_PATHS = (
               "$(inherited)",
               "$(PLATFORM_DIR)/Developer/Library/Frameworks"
            );
            HEADER_SEARCH_PATHS = (
               "$(inherited)"
            );
            INFOPLIST_FILE = "MiniSwift.xcodeproj/MiniSwiftTests_Info.plist";
            IPHONEOS_DEPLOYMENT_TARGET = "13.0";
            LD_RUNPATH_SEARCH_PATHS = (
               "$(inherited)",
               "@loader_path/../Frameworks",
               "@loader_path/Frameworks"
            );
            MACOSX_DEPLOYMENT_TARGET = "10.15";
            OTHER_CFLAGS = (
               "$(inherited)"
            );
            OTHER_LDFLAGS = (
               "$(inherited)"
            );
            OTHER_SWIFT_FLAGS = (
               "$(inherited)"
            );
            SWIFT_ACTIVE_COMPILATION_CONDITIONS = (
               "$(inherited)"
            );
            SWIFT_VERSION = "5.0";
            TARGET_NAME = "MiniSwiftTests";
            TVOS_DEPLOYMENT_TARGET = "9.0";
            WATCHOS_DEPLOYMENT_TARGET = "6.0";
         };
         name = "Debug";
      };
      "OBJ_95" = {
         isa = "XCBuildConfiguration";
         buildSettings = {
            CLANG_ENABLE_MODULES = "YES";
            EMBEDDED_CONTENT_CONTAINS_SWIFT = "YES";
            FRAMEWORK_SEARCH_PATHS = (
               "$(inherited)",
               "$(PLATFORM_DIR)/Developer/Library/Frameworks"
            );
            HEADER_SEARCH_PATHS = (
               "$(inherited)"
            );
            INFOPLIST_FILE = "MiniSwift.xcodeproj/MiniSwiftTests_Info.plist";
            IPHONEOS_DEPLOYMENT_TARGET = "13.0";
            LD_RUNPATH_SEARCH_PATHS = (
               "$(inherited)",
               "@loader_path/../Frameworks",
               "@loader_path/Frameworks"
            );
            MACOSX_DEPLOYMENT_TARGET = "10.15";
            OTHER_CFLAGS = (
               "$(inherited)"
            );
            OTHER_LDFLAGS = (
               "$(inherited)"
            );
            OTHER_SWIFT_FLAGS = (
               "$(inherited)"
            );
            SWIFT_ACTIVE_COMPILATION_CONDITIONS = (
               "$(inherited)"
            );
            SWIFT_VERSION = "5.0";
            TARGET_NAME = "MiniSwiftTests";
            TVOS_DEPLOYMENT_TARGET = "9.0";
            WATCHOS_DEPLOYMENT_TARGET = "6.0";
         };
         name = "Release";
      };
      "OBJ_96" = {
         isa = "PBXSourcesBuildPhase";
         files = (
            "OBJ_97",
            "OBJ_98",
            "OBJ_99",
            "OBJ_100"
         );
      };
      "OBJ_97" = {
         isa = "PBXBuildFile";
         fileRef = "OBJ_37";
      };
      "OBJ_98" = {
         isa = "PBXBuildFile";
         fileRef = "OBJ_38";
      };
      "OBJ_99" = {
         isa = "PBXBuildFile";
         fileRef = "OBJ_39";
      };
   };
   rootObject = "OBJ_1";
}
